
Microsoft Visual Studio Solution File, Format Version 12.00
# Visual Studio Version 17
VisualStudioVersion = 17.7.34031.279
MinimumVisualStudioVersion = 10.0.40219.1
Project("{9092AA53-FB77-4645-B42D-1CCCA6BD08BD}") = "hum", "hum\hum.njsproj", "{365AE41A-42E5-4512-A9D4-46BB465D4438}"
EndProject
Global
	GlobalSection(SolutionConfigurationPlatforms) = preSolution
		Debug|Any CPU = Debug|Any CPU
		Release|Any CPU = Release|Any CPU
	EndGlobalSection
	GlobalSection(ProjectConfigurationPlatforms) = postSolution
		{365AE41A-42E5-4512-A9D4-46BB465D4438}.Debug|Any CPU.ActiveCfg = Debug|Any CPU
		{365AE41A-42E5-4512-A9D4-46BB465D4438}.Debug|Any CPU.Build.0 = Debug|Any CPU
		{365AE41A-42E5-4512-A9D4-46BB465D4438}.Release|Any CPU.ActiveCfg = Release|Any CPU
		{365AE41A-42E5-4512-A9D4-46BB465D4438}.Release|Any CPU.Build.0 = Release|Any CPU
	EndGlobalSection
	GlobalSection(SolutionProperties) = preSolution
		HideSolutionNode = FALSE
	EndGlobalSection
	GlobalSection(ExtensibilityGlobals) = postSolution
		SolutionGuid = {9C773467-AB7E-43A8-B0B4-D3707760E2D1}
	EndGlobalSection
EndGlobal
